Microsoft Visual Studio Solution File, Format Version 12.00
# Visual Studio Version 17
VisualStudioVersion = 17.0.31912.275
MinimumVisualStudioVersion = 10.0.40219.1
Project("{8BC9CEB8-8B4A-11D0-8D11-00A0C91BC942}") = "litestep", "litestep\litestep.vcxproj", "{994556EE-2F21-4811-A85D-6925F7F84B0D}"
EndProject
Project("{8BC9CEB8-8B4A-11D0-8D11-00A0C91BC942}") = "utility", "utility\utility.vcxproj", "{2213036F-018C-416A-8A6A-7934C936CFFC}"
EndProject
Project("{8BC9CEB8-8B4A-11D0-8D11-00A0C91BC942}") = "lsapi", "lsapi\lsapi.vcxproj", "{2FECA0A4-CB2F-44CA-97AB-DE78EBBDECFA}"
EndProject
Project("{2150E333-8FDC-42A3-9474-1A3956D46DE8}") = "SDK", "SDK", "{0CB7B995-8934-4494-8EB9-968D5407C6E5}"
EndProject
Project("{2150E333-8FDC-42A3-9474-1A3956D46DE8}") = "docs", "docs", "{DEC29FCD-986F-4AAB-A697-AE091EFEF71A}"
	ProjectSection(SolutionItems) = preProject
		sdk\docs\lsapi\AddBangCommand.xml = sdk\docs\lsapi\AddBangCommand.xml
		sdk\docs\lsapi\AddBangCommandEx.xml = sdk\docs\lsapi\AddBangCommandEx.xml
		sdk\docs\lsapi\BangCommandProc.xml = sdk\docs\lsapi\BangCommandProc.xml
		sdk\docs\lsapi\BangCommandProcEx.xml = sdk\docs\lsapi\BangCommandProcEx.xml
		sdk\docs\lsapi\BitmapFromIcon.xml = sdk\docs\lsapi\BitmapFromIcon.xml
		sdk\docs\lsapi\BitmapToRegion.xml = sdk\docs\lsapi\BitmapToRegion.xml
		sdk\docs\lsapi\CommandParse.xml = sdk\docs\lsapi\CommandParse.xml
		sdk\docs\lsapi\CommandTokenize.xml = sdk\docs\lsapi\CommandTokenize.xml
		sdk\docs\lsapi\EnumBangsProc.xml = sdk\docs\lsapi\EnumBangsProc.xml
		sdk\docs\lsapi\EnumBangsV2Proc.xml = sdk\docs\lsapi\EnumBangsV2Proc.xml
		sdk\docs\lsapi\EnumLSData.xml = sdk\docs\lsapi\EnumLSData.xml
		sdk\docs\lsapi\EnumModulesProc.xml = sdk\docs\lsapi\EnumModulesProc.xml
		sdk\docs\lsapi\EnumPerformanceProc.xml = sdk\docs\lsapi\EnumPerformanceProc.xml
		sdk\docs\lsapi\EnumRevIDsProc.xml = sdk\docs\lsapi\EnumRevIDsProc.xml
		sdk\docs\lsapi\Frame3D.xml = sdk\docs\lsapi\Frame3D.xml
		sdk\docs\lsapi\GetLitestepWnd.xml = sdk\docs\lsapi\GetLitestepWnd.xml
		sdk\docs\lsapi\GetLSBitmapSize.xml = sdk\docs\lsapi\GetLSBitmapSize.xml
		sdk\docs\lsapi\GetRCBool.xml = sdk\docs\lsapi\GetRCBool.xml
		sdk\docs\lsapi\GetRCBoolDef.xml = sdk\docs\lsapi\GetRCBoolDef.xml
		sdk\docs\lsapi\GetRCColor.xml = sdk\docs\lsapi\GetRCColor.xml
		sdk\docs\lsapi\GetRCCoordinate.xml = sdk\docs\lsapi\GetRCCoordinate.xml
		sdk\docs\lsapi\GetRCDouble.xml = sdk\docs\lsapi\GetRCDouble.xml
		sdk\docs\lsapi\GetRCFloat.xml = sdk\docs\lsapi\GetRCFloat.xml
		sdk\docs\lsapi\GetRCInt.xml = sdk\docs\lsapi\GetRCInt.xml
		sdk\docs\lsapi\GetRCInt64.xml = sdk\docs\lsapi\GetRCInt64.xml
		sdk\docs\lsapi\GetRCLine.xml = sdk\docs\lsapi\GetRCLine.xml
		sdk\docs\lsapi\GetRCString.xml = sdk\docs\lsapi\GetRCString.xml
		sdk\docs\lsapi\GetResStr.xml = sdk\docs\lsapi\GetResStr.xml
		sdk\docs\lsapi\GetResStrEx.xml = sdk\docs\lsapi\GetResStrEx.xml
		sdk\docs\lsapi\GetToken.xml = sdk\docs\lsapi\GetToken.xml
		sdk\docs\lsapi\index.xml = sdk\docs\lsapi\index.xml
		sdk\docs\lsapi\index.xslt = sdk\docs\lsapi\index.xslt
		sdk\docs\lsapi\initModuleEx.xml = sdk\docs\lsapi\initModuleEx.xml
		sdk\docs\lsapi\initModuleW.xml = sdk\docs\lsapi\initModuleW.xml
		sdk\docs\lsapi\is_valid_pattern.xml = sdk\docs\lsapi\is_valid_pattern.xml
		sdk\docs\lsapi\LCClose.xml = sdk\docs\lsapi\LCClose.xml
		sdk\docs\lsapi\LCOpen.xml = sdk\docs\lsapi\LCOpen.xml
		sdk\docs\lsapi\LCReadNextCommand.xml = sdk\docs\lsapi\LCReadNextCommand.xml
		sdk\docs\lsapi\LCReadNextConfig.xml = sdk\docs\lsapi\LCReadNextConfig.xml
		sdk\docs\lsapi\LCReadNextLine.xml = sdk\docs\lsapi\LCReadNextLine.xml
		sdk\docs\lsapi\LCTokenize.xml = sdk\docs\lsapi\LCTokenize.xml
		sdk\docs\lsapi\LM_FULLSCREENACTIVATED.xml = sdk\docs\lsapi\LM_FULLSCREENACTIVATED.xml
		sdk\docs\lsapi\LM_FULLSCREENDEACTIVATED.xml = sdk\docs\lsapi\LM_FULLSCREENDEACTIVATED.xml
		sdk\docs\lsapi\LM_GETREVID.xml = sdk\docs\lsapi\LM_GETREVID.xml
		sdk\docs\lsapi\LM_REFRESH.xml = sdk\docs\lsapi\LM_REFRESH.xml
		sdk\docs\lsapi\LM_REGISTERMESSAGE.xml = sdk\docs\lsapi\LM_REGISTERMESSAGE.xml
		sdk\docs\lsapi\LM_RELOADMODULE.xml = sdk\docs\lsapi\LM_RELOADMODULE.xml
		sdk\docs\lsapi\LM_RESTOREDATA.xml = sdk\docs\lsapi\LM_RESTOREDATA.xml
		sdk\docs\lsapi\LM_SAVEDATA.xml = sdk\docs\lsapi\LM_SAVEDATA.xml
		sdk\docs\lsapi\LM_SHELLHOOK.xml = sdk\docs\lsapi\LM_SHELLHOOK.xml
		sdk\docs\lsapi\LM_SYSTRAY.xml = sdk\docs\lsapi\LM_SYSTRAY.xml
		sdk\docs\lsapi\LM_SYSTRAYINFOEVENT.xml = sdk\docs\lsapi\LM_SYSTRAYINFOEVENT.xml
		sdk\docs\lsapi\LM_SYSTRAYREADY.xml = sdk\docs\lsapi\LM_SYSTRAYREADY.xml
		sdk\docs\lsapi\LM_TASK_MARKASACTIVE.xml = sdk\docs\lsapi\LM_TASK_MARKASACTIVE.xml
		sdk\docs\lsapi\LM_TASK_REGISTERTAB.xml = sdk\docs\lsapi\LM_TASK_REGISTERTAB.xml
		sdk\docs\lsapi\LM_TASK_SETACTIVETAB.xml = sdk\docs\lsapi\LM_TASK_SETACTIVETAB.xml
		sdk\docs\lsapi\LM_TASK_SETOVERLAYICON.xml = sdk\docs\lsapi\LM_TASK_SETOVERLAYICON.xml
		sdk\docs\lsapi\LM_TASK_SETOVERLAYICONDESC.xml = sdk\docs\lsapi\LM_TASK_SETOVERLAYICONDESC.xml
		sdk\docs\lsapi\LM_TASK_SETPROGRESSSTATE.xml = sdk\docs\lsapi\LM_TASK_SETPROGRESSSTATE.xml
		sdk\docs\lsapi\LM_TASK_SETPROGRESSVALUE.xml = sdk\docs\lsapi\LM_TASK_SETPROGRESSVALUE.xml
		sdk\docs\lsapi\LM_TASK_SETTABORDER.xml = sdk\docs\lsapi\LM_TASK_SETTABORDER.xml
		sdk\docs\lsapi\LM_TASK_SETTABPROPERTIES.xml = sdk\docs\lsapi\LM_TASK_SETTABPROPERTIES.xml
		sdk\docs\lsapi\LM_TASK_SETTHUMBNAILCLIP.xml = sdk\docs\lsapi\LM_TASK_SETTHUMBNAILCLIP.xml
		sdk\docs\lsapi\LM_TASK_SETTHUMBNAILTOOLTIP.xml = sdk\docs\lsapi\LM_TASK_SETTHUMBNAILTOOLTIP.xml
		sdk\docs\lsapi\LM_TASK_THUMBBARADDBUTTONS.xml = sdk\docs\lsapi\LM_TASK_THUMBBARADDBUTTONS.xml
		sdk\docs\lsapi\LM_TASK_THUMBBARSETIMAGELIST.xml = sdk\docs\lsapi\LM_TASK_THUMBBARSETIMAGELIST.xml
		sdk\docs\lsapi\LM_TASK_THUMBBARUPDATEBUTTONS.xml = sdk\docs\lsapi\LM_TASK_THUMBBARUPDATEBUTTONS.xml
		sdk\docs\lsapi\LM_TASK_UNREGISTERTAB.xml = sdk\docs\lsapi\LM_TASK_UNREGISTERTAB.xml
		sdk\docs\lsapi\LM_UNLOADMODULE.xml = sdk\docs\lsapi\LM_UNLOADMODULE.xml
		sdk\docs\lsapi\LM_UNREGISTERMESSAGE.xml = sdk\docs\lsapi\LM_UNREGISTERMESSAGE.xml
		sdk\docs\lsapi\LoadLSIcon.xml = sdk\docs\lsapi\LoadLSIcon.xml
		sdk\docs\lsapi\LoadLSImage.xml = sdk\docs\lsapi\LoadLSImage.xml
		sdk\docs\lsapi	HUMBBUTTONLIST.xml = sdk\docs\lsapi	HUMBBUTTONLIST.xml
		sdk\docs\lsapi	ransparentBltLS.xml = sdk\docs\lsapi	ransparentBltLS.xml
		sdk\docs\lsapi\lsapi.css = sdk\docs\lsapi\lsapi.css
		sdk\docs\lsapi\lsapi.xslt = sdk\docs\lsapi\lsapi.xslt
		sdk\docs\lsapi\LSExecute.xml = sdk\docs\lsapi\LSExecute.xml
		sdk\docs\lsapi\LSExecuteEx.xml = sdk\docs\lsapi\LSExecuteEx.xml
		sdk\docs\lsapi\LSGetImagePath.xml = sdk\docs\lsapi\LSGetImagePath.xml
		sdk\docs\lsapi\LSGetLitestepPath.xml = sdk\docs\lsapi\LSGetLitestepPath.xml
		sdk\docs\lsapi\LSGetVariable.xml = sdk\docs\lsapi\LSGetVariable.xml
		sdk\docs\lsapi\LSGetVariableEx.xml = sdk\docs\lsapi\LSGetVariableEx.xml
		sdk\docs\lsapi\LSLog.xml = sdk\docs\lsapi\LSLog.xml
		sdk\docs\lsapi\LSLogPrintf.xml = sdk\docs\lsapi\LSLogPrintf.xml
		sdk\docs\lsapi\LSNOTIFYICONDATA.xml = sdk\docs\lsapi\LSNOTIFYICONDATA.xml
		sdk\docs\lsapi\LSSetVariable.xml = sdk\docs\lsapi\LSSetVariable.xml
		sdk\docs\lsapi\match.xml = sdk\docs\lsapi\match.xml
		sdk\docs\lsapi\matche.xml = sdk\docs\lsapi\matche.xml
		sdk\docs\lsapi\ParseBangCommand.xml = sdk\docs\lsapi\ParseBangCommand.xml
		sdk\docs\lsapi\ParseCoordinate.xml = sdk\docs\lsapi\ParseCoordinate.xml
		sdk\docs\lsapi\quitModule.xml = sdk\docs\lsapi\quitModule.xml
		sdk\docs\lsapi\RemoveBangCommand.xml = sdk\docs\lsapi\RemoveBangCommand.xml
		sdk\docs\lsapi\SetDesktopArea.xml = sdk\docs\lsapi\SetDesktopArea.xml
		sdk\docs\lsapi\SYSTRAYINFOEVENT.xml = sdk\docs\lsapi\SYSTRAYINFOEVENT.xml
		sdk\docs\lsapi\VarExpansion.xml = sdk\docs\lsapi\VarExpansion.xml
		sdk\docs\lsapi\VarExpansionEx.xml = sdk\docs\lsapi\VarExpansionEx.xml
	EndProjectSection
EndProject
Project("{2150E333-8FDC-42A3-9474-1A3956D46DE8}") = "Modules", "Modules", "{BDC57BBD-0292-43B3-B6D1-6A1D0631836E}"
EndProject
Project("{8BC9CEB8-8B4A-11D0-8D11-00A0C91BC942}") = "Calendar", "modules\Calendar\Calendar.vcxproj", "{D5507931-8D74-47CC-A67E-2F5BCE89FCDD}"
EndProject
Project("{8BC9CEB8-8B4A-11D0-8D11-00A0C91BC942}") = "Clock", "modules\Clock\Clock.vcxproj", "{5246F288-DFE9-41B0-9FE2-FEE1CE4D1198}"
EndProject
Project("{8BC9CEB8-8B4A-11D0-8D11-00A0C91BC942}") = "Core", "modules\Core\Core.vcxproj", "{9F3EF9E6-6EA0-4AA3-98E4-C6A4061C9307}"
EndProject
Project("{8BC9CEB8-8B4A-11D0-8D11-00A0C91BC942}") = "CoreCom", "modules\CoreCom\CoreCom.vcxproj", "{66F96FF8-FEC5-455A-BEAC-3975DB89A772}"
EndProject
Project("{8BC9CEB8-8B4A-11D0-8D11-00A0C91BC942}") = "Desk", "modules\Desk\Desk.vcxproj", "{F1BBDAA9-8D85-49E0-9906-DB287103D90E}"
EndProject
Project("{8BC9CEB8-8B4A-11D0-8D11-00A0C91BC942}") = "Icon", "modules\Icon\Icon.vcxproj", "{0ED50CF3-6DEB-4F7A-935F-EF1234147D25}"
EndProject
Project("{8BC9CEB8-8B4A-11D0-8D11-00A0C91BC942}") = "HotKey", "modules\HotKey\HotKey.vcxproj", "{07FDB39B-D23E-45D6-852F-125DBADB7C2D}"
EndProject
Project("{8BC9CEB8-8B4A-11D0-8D11-00A0C91BC942}") = "Label", "modules\Label\Label.vcxproj", "{2731BE70-4DDC-474F-9551-682D1E1240C8}"
EndProject
Project("{8BC9CEB8-8B4A-11D0-8D11-00A0C91BC942}") = "MediaInfo", "modules\MediaInfo\MediaInfo.vcxproj", "{CF4EB022-4B80-4477-9A2D-4215B95B9E9C}"
EndProject
Project("{8BC9CEB8-8B4A-11D0-8D11-00A0C91BC942}") = "Popup", "modules\Popup\Popup.vcxproj", "{7F0B7CF6-6CB0-4159-924C-254343829E0F}"
EndProject
Project("{8BC9CEB8-8B4A-11D0-8D11-00A0C91BC942}") = "ModuleKit", "modules\ModuleKit\ModuleKit.vcxproj", "{91B4220F-6589-4739-BCA7-3FF9F83FCE04}"
EndProject
Project("{8BC9CEB8-8B4A-11D0-8D11-00A0C91BC942}") = "StartMenu", "modules\StartMenu\StartMenu.vcxproj", "{09772DFC-A638-42AA-91D2-436EB5FC2500}"
EndProject
Project("{8BC9CEB8-8B4A-11D0-8D11-00A0C91BC942}") = "Panels", "modules\Panels\Panels.vcxproj", "{928B6A53-806E-45C5-9F35-0909592DEA2C}"
EndProject
Project("{8BC9CEB8-8B4A-11D0-8D11-00A0C91BC942}") = "TaskBar", "modules\TaskBar\TaskBar.vcxproj", "{EC5B92DD-8093-4DE4-8989-95C9A07AC2B0}"
EndProject
Project("{8BC9CEB8-8B4A-11D0-8D11-00A0C91BC942}") = "TaskSwitcher", "modules\TaskSwitcher\TaskSwitcher.vcxproj", "{FBB8FAA6-D226-46AD-8100-C56EF77DD8C7}"
EndProject
Project("{8BC9CEB8-8B4A-11D0-8D11-00A0C91BC942}") = "SysTray", "modules\SysTray\SysTray.vcxproj", "{A8FA919B-1391-4E7E-8196-38950F46D396}"
EndProject
Project("{8BC9CEB8-8B4A-11D0-8D11-00A0C91BC942}") = "VWM", "modules\VWM\VWM.vcxproj", "{D4F4DA3B-932A-4D9A-A1B6-82B082FC0DC7}"
EndProject
Project("{8BC9CEB8-8B4A-11D0-8D11-00A0C91BC942}") = "Wallpaper", "modules\Wallpaper\Wallpaper.vcxproj", "{D7D8046B-B227-41DA-85E6-F11D02237A28}"
EndProject
Project("{8BC9CEB8-8B4A-11D0-8D11-00A0C91BC942}") = "Utilities", "modules\Utilities\Utilities.vcxproj", "{84B7F148-7FDD-4D3D-BC0D-5901F9DB7E4C}"
EndProject
Global
	GlobalSection(SolutionConfigurationPlatforms) = preSolution
		Debug|x64 = Debug|x64
		Debug|x86 = Debug|x86
		Release_AVX|x64 = Release_AVX|x64
		Release_AVX|x86 = Release_AVX|x86
		Release|x64 = Release|x64
		Release|x86 = Release|x86
	EndGlobalSection
	GlobalSection(ProjectConfigurationPlatforms) = postSolution
		{994556EE-2F21-4811-A85D-6925F7F84B0D}.Debug|x64.ActiveCfg = Debug|x64
		{994556EE-2F21-4811-A85D-6925F7F84B0D}.Debug|x64.Build.0 = Debug|x64
		{994556EE-2F21-4811-A85D-6925F7F84B0D}.Debug|x86.ActiveCfg = Debug|Win32
		{994556EE-2F21-4811-A85D-6925F7F84B0D}.Debug|x86.Build.0 = Debug|Win32
		{994556EE-2F21-4811-A85D-6925F7F84B0D}.Release_AVX|x64.ActiveCfg = Release|x64
		{994556EE-2F21-4811-A85D-6925F7F84B0D}.Release_AVX|x64.Build.0 = Release|x64
		{994556EE-2F21-4811-A85D-6925F7F84B0D}.Release_AVX|x86.ActiveCfg = Release|Win32
		{994556EE-2F21-4811-A85D-6925F7F84B0D}.Release_AVX|x86.Build.0 = Release|Win32
		{994556EE-2F21-4811-A85D-6925F7F84B0D}.Release|x64.ActiveCfg = Release|x64
		{994556EE-2F21-4811-A85D-6925F7F84B0D}.Release|x64.Build.0 = Release|x64
		{994556EE-2F21-4811-A85D-6925F7F84B0D}.Release|x86.ActiveCfg = Release|Win32
		{994556EE-2F21-4811-A85D-6925F7F84B0D}.Release|x86.Build.0 = Release|Win32
		{2213036F-018C-416A-8A6A-7934C936CFFC}.Debug|x64.ActiveCfg = Debug|x64
		{2213036F-018C-416A-8A6A-7934C936CFFC}.Debug|x64.Build.0 = Debug|x64
		{2213036F-018C-416A-8A6A-7934C936CFFC}.Debug|x86.ActiveCfg = Debug|Win32
		{2213036F-018C-416A-8A6A-7934C936CFFC}.Debug|x86.Build.0 = Debug|Win32
		{2213036F-018C-416A-8A6A-7934C936CFFC}.Release_AVX|x64.ActiveCfg = Release|x64
		{2213036F-018C-416A-8A6A-7934C936CFFC}.Release_AVX|x64.Build.0 = Release|x64
		{2213036F-018C-416A-8A6A-7934C936CFFC}.Release_AVX|x86.ActiveCfg = Release|Win32
		{2213036F-018C-416A-8A6A-7934C936CFFC}.Release_AVX|x86.Build.0 = Release|Win32
		{2213036F-018C-416A-8A6A-7934C936CFFC}.Release|x64.ActiveCfg = Release|x64
		{2213036F-018C-416A-8A6A-7934C936CFFC}.Release|x64.Build.0 = Release|x64
		{2213036F-018C-416A-8A6A-7934C936CFFC}.Release|x86.ActiveCfg = Release|Win32
		{2213036F-018C-416A-8A6A-7934C936CFFC}.Release|x86.Build.0 = Release|Win32
		{2FECA0A4-CB2F-44CA-97AB-DE78EBBDECFA}.Debug|x64.ActiveCfg = Debug|x64
		{2FECA0A4-CB2F-44CA-97AB-DE78EBBDECFA}.Debug|x64.Build.0 = Debug|x64
		{2FECA0A4-CB2F-44CA-97AB-DE78EBBDECFA}.Debug|x86.ActiveCfg = Debug|Win32
		{2FECA0A4-CB2F-44CA-97AB-DE78EBBDECFA}.Debug|x86.Build.0 = Debug|Win32
		{2FECA0A4-CB2F-44CA-97AB-DE78EBBDECFA}.Release_AVX|x64.ActiveCfg = Release|x64
		{2FECA0A4-CB2F-44CA-97AB-DE78EBBDECFA}.Release_AVX|x64.Build.0 = Release|x64
		{2FECA0A4-CB2F-44CA-97AB-DE78EBBDECFA}.Release_AVX|x86.ActiveCfg = Release|Win32
		{2FECA0A4-CB2F-44CA-97AB-DE78EBBDECFA}.Release_AVX|x86.Build.0 = Release|Win32
		{2FECA0A4-CB2F-44CA-97AB-DE78EBBDECFA}.Release|x64.ActiveCfg = Release|x64
		{2FECA0A4-CB2F-44CA-97AB-DE78EBBDECFA}.Release|x64.Build.0 = Release|x64
		{2FECA0A4-CB2F-44CA-97AB-DE78EBBDECFA}.Release|x86.ActiveCfg = Release|Win32
		{2FECA0A4-CB2F-44CA-97AB-DE78EBBDECFA}.Release|x86.Build.0 = Release|Win32
		{D5507931-8D74-47CC-A67E-2F5BCE89FCDD}.Debug|x64.ActiveCfg = Debug|x64
		{D5507931-8D74-47CC-A67E-2F5BCE89FCDD}.Debug|x64.Build.0 = Debug|x64
		{D5507931-8D74-47CC-A67E-2F5BCE89FCDD}.Debug|x86.ActiveCfg = Debug|Win32
		{D5507931-8D74-47CC-A67E-2F5BCE89FCDD}.Debug|x86.Build.0 = Debug|Win32
		{D5507931-8D74-47CC-A67E-2F5BCE89FCDD}.Release_AVX|x64.ActiveCfg = Release_AVX|x64
		{D5507931-8D74-47CC-A67E-2F5BCE89FCDD}.Release_AVX|x64.Build.0 = Release_AVX|x64
		{D5507931-8D74-47CC-A67E-2F5BCE89FCDD}.Release_AVX|x86.ActiveCfg = Release_AVX|Win32
		{D5507931-8D74-47CC-A67E-2F5BCE89FCDD}.Release_AVX|x86.Build.0 = Release_AVX|Win32
		{D5507931-8D74-47CC-A67E-2F5BCE89FCDD}.Release|x64.ActiveCfg = Release|x64
		{D5507931-8D74-47CC-A67E-2F5BCE89FCDD}.Release|x64.Build.0 = Release|x64
		{D5507931-8D74-47CC-A67E-2F5BCE89FCDD}.Release|x86.ActiveCfg = Release|Win32
		{D5507931-8D74-47CC-A67E-2F5BCE89FCDD}.Release|x86.Build.0 = Release|Win32
		{5246F288-DFE9-41B0-9FE2-FEE1CE4D1198}.Debug|x64.ActiveCfg = Debug|x64
		{5246F288-DFE9-41B0-9FE2-FEE1CE4D1198}.Debug|x64.Build.0 = Debug|x64
		{5246F288-DFE9-41B0-9FE2-FEE1CE4D1198}.Debug|x86.ActiveCfg = Debug|Win32
		{5246F288-DFE9-41B0-9FE2-FEE1CE4D1198}.Debug|x86.Build.0 = Debug|Win32
		{5246F288-DFE9-41B0-9FE2-FEE1CE4D1198}.Release_AVX|x64.ActiveCfg = Release_AVX|x64
		{5246F288-DFE9-41B0-9FE2-FEE1CE4D1198}.Release_AVX|x64.Build.0 = Release_AVX|x64
		{5246F288-DFE9-41B0-9FE2-FEE1CE4D1198}.Release_AVX|x86.ActiveCfg = Release_AVX|Win32
		{5246F288-DFE9-41B0-9FE2-FEE1CE4D1198}.Release_AVX|x86.Build.0 = Release_AVX|Win32
		{5246F288-DFE9-41B0-9FE2-FEE1CE4D1198}.Release|x64.ActiveCfg = Release|x64
		{5246F288-DFE9-41B0-9FE2-FEE1CE4D1198}.Release|x64.Build.0 = Release|x64
		{5246F288-DFE9-41B0-9FE2-FEE1CE4D1198}.Release|x86.ActiveCfg = Release|Win32
		{5246F288-DFE9-41B0-9FE2-FEE1CE4D1198}.Release|x86.Build.0 = Release|Win32
		{9F3EF9E6-6EA0-4AA3-98E4-C6A4061C9307}.Debug|x64.ActiveCfg = Debug|x64
		{9F3EF9E6-6EA0-4AA3-98E4-C6A4061C9307}.Debug|x64.Build.0 = Debug|x64
		{9F3EF9E6-6EA0-4AA3-98E4-C6A4061C9307}.Debug|x86.ActiveCfg = Debug|Win32
		{9F3EF9E6-6EA0-4AA3-98E4-C6A4061C9307}.Debug|x86.Build.0 = Debug|Win32
		{9F3EF9E6-6EA0-4AA3-98E4-C6A4061C9307}.Release_AVX|x64.ActiveCfg = Release_AVX|x64
		{9F3EF9E6-6EA0-4AA3-98E4-C6A4061C9307}.Release_AVX|x64.Build.0 = Release_AVX|x64
		{9F3EF9E6-6EA0-4AA3-98E4-C6A4061C9307}.Release_AVX|x86.ActiveCfg = Release_AVX|Win32
		{9F3EF9E6-6EA0-4AA3-98E4-C6A4061C9307}.Release_AVX|x86.Build.0 = Release_AVX|Win32
		{9F3EF9E6-6EA0-4AA3-98E4-C6A4061C9307}.Release|x64.ActiveCfg = Release|x64
		{9F3EF9E6-6EA0-4AA3-98E4-C6A4061C9307}.Release|x64.Build.0 = Release|x64
		{9F3EF9E6-6EA0-4AA3-98E4-C6A4061C9307}.Release|x86.ActiveCfg = Release|Win32
		{9F3EF9E6-6EA0-4AA3-98E4-C6A4061C9307}.Release|x86.Build.0 = Release|Win32
		{66F96FF8-FEC5-455A-BEAC-3975DB89A772}.Debug|x64.ActiveCfg = Debug|x64
		{66F96FF8-FEC5-455A-BEAC-3975DB89A772}.Debug|x64.Build.0 = Debug|x64
		{66F96FF8-FEC5-455A-BEAC-3975DB89A772}.Debug|x86.ActiveCfg = Debug|Win32
		{66F96FF8-FEC5-455A-BEAC-3975DB89A772}.Debug|x86.Build.0 = Debug|Win32
		{66F96FF8-FEC5-455A-BEAC-3975DB89A772}.Release_AVX|x64.ActiveCfg = Release_AVX|x64
		{66F96FF8-FEC5-455A-BEAC-3975DB89A772}.Release_AVX|x64.Build.0 = Release_AVX|x64
		{66F96FF8-FEC5-455A-BEAC-3975DB89A772}.Release_AVX|x86.ActiveCfg = Release_AVX|Win32
		{66F96FF8-FEC5-455A-BEAC-3975DB89A772}.Release_AVX|x86.Build.0 = Release_AVX|Win32
		{66F96FF8-FEC5-455A-BEAC-3975DB89A772}.Release|x64.ActiveCfg = Release|x64
		{66F96FF8-FEC5-455A-BEAC-3975DB89A772}.Release|x64.Build.0 = Release|x64
		{66F96FF8-FEC5-455A-BEAC-3975DB89A772}.Release|x86.ActiveCfg = Release|Win32
		{66F96FF8-FEC5-455A-BEAC-3975DB89A772}.Release|x86.Build.0 = Release|Win32
		{F1BBDAA9-8D85-49E0-9906-DB287103D90E}.Debug|x64.ActiveCfg = Debug|x64
		{F1BBDAA9-8D85-49E0-9906-DB287103D90E}.Debug|x64.Build.0 = Debug|x64
		{F1BBDAA9-8D85-49E0-9906-DB287103D90E}.Debug|x86.ActiveCfg = Debug|Win32
		{F1BBDAA9-8D85-49E0-9906-DB287103D90E}.Debug|x86.Build.0 = Debug|Win32
		{F1BBDAA9-8D85-49E0-9906-DB287103D90E}.Release_AVX|x64.ActiveCfg = Release_AVX|x64
		{F1BBDAA9-8D85-49E0-9906-DB287103D90E}.Release_AVX|x64.Build.0 = Release_AVX|x64
		{F1BBDAA9-8D85-49E0-9906-DB287103D90E}.Release_AVX|x86.ActiveCfg = Release_AVX|Win32
		{F1BBDAA9-8D85-49E0-9906-DB287103D90E}.Release_AVX|x86.Build.0 = Release_AVX|Win32
		{F1BBDAA9-8D85-49E0-9906-DB287103D90E}.Release|x64.ActiveCfg = Release|x64
		{F1BBDAA9-8D85-49E0-9906-DB287103D90E}.Release|x64.Build.0 = Release|x64
		{F1BBDAA9-8D85-49E0-9906-DB287103D90E}.Release|x86.ActiveCfg = Release|Win32
		{F1BBDAA9-8D85-49E0-9906-DB287103D90E}.Release|x86.Build.0 = Release|Win32
		{0ED50CF3-6DEB-4F7A-935F-EF1234147D25}.Debug|x64.ActiveCfg = Debug|x64
		{0ED50CF3-6DEB-4F7A-935F-EF1234147D25}.Debug|x64.Build.0 = Debug|x64
		{0ED50CF3-6DEB-4F7A-935F-EF1234147D25}.Debug|x86.ActiveCfg = Debug|Win32
		{0ED50CF3-6DEB-4F7A-935F-EF1234147D25}.Debug|x86.Build.0 = Debug|Win32
		{0ED50CF3-6DEB-4F7A-935F-EF1234147D25}.Release_AVX|x64.ActiveCfg = Release_AVX|x64
		{0ED50CF3-6DEB-4F7A-935F-EF1234147D25}.Release_AVX|x64.Build.0 = Release_AVX|x64
		{0ED50CF3-6DEB-4F7A-935F-EF1234147D25}.Release_AVX|x86.ActiveCfg = Release_AVX|Win32
		{0ED50CF3-6DEB-4F7A-935F-EF1234147D25}.Release_AVX|x86.Build.0 = Release_AVX|Win32
		{0ED50CF3-6DEB-4F7A-935F-EF1234147D25}.Release|x64.ActiveCfg = Release|x64
		{0ED50CF3-6DEB-4F7A-935F-EF1234147D25}.Release|x64.Build.0 = Release|x64
		{0ED50CF3-6DEB-4F7A-935F-EF1234147D25}.Release|x86.ActiveCfg = Release|Win32
		{0ED50CF3-6DEB-4F7A-935F-EF1234147D25}.Release|x86.Build.0 = Release|Win32
		{07FDB39B-D23E-45D6-852F-125DBADB7C2D}.Debug|x64.ActiveCfg = Debug|x64
		{07FDB39B-D23E-45D6-852F-125DBADB7C2D}.Debug|x64.Build.0 = Debug|x64
		{07FDB39B-D23E-45D6-852F-125DBADB7C2D}.Debug|x86.ActiveCfg = Debug|Win32
		{07FDB39B-D23E-45D6-852F-125DBADB7C2D}.Debug|x86.Build.0 = Debug|Win32
		{07FDB39B-D23E-45D6-852F-125DBADB7C2D}.Release_AVX|x64.ActiveCfg = Release_AVX|x64
		{07FDB39B-D23E-45D6-852F-125DBADB7C2D}.Release_AVX|x64.Build.0 = Release_AVX|x64
		{07FDB39B-D23E-45D6-852F-125DBADB7C2D}.Release_AVX|x86.ActiveCfg = Release_AVX|Win32
		{07FDB39B-D23E-45D6-852F-125DBADB7C2D}.Release_AVX|x86.Build.0 = Release_AVX|Win32
		{07FDB39B-D23E-45D6-852F-125DBADB7C2D}.Release|x64.ActiveCfg = Release|x64
		{07FDB39B-D23E-45D6-852F-125DBADB7C2D}.Release|x64.Build.0 = Release|x64
		{07FDB39B-D23E-45D6-852F-125DBADB7C2D}.Release|x86.ActiveCfg = Release|Win32
		{07FDB39B-D23E-45D6-852F-125DBADB7C2D}.Release|x86.Build.0 = Release|Win32
		{2731BE70-4DDC-474F-9551-682D1E1240C8}.Debug|x64.ActiveCfg = Debug|x64
		{2731BE70-4DDC-474F-9551-682D1E1240C8}.Debug|x64.Build.0 = Debug|x64
		{2731BE70-4DDC-474F-9551-682D1E1240C8}.Debug|x86.ActiveCfg = Debug|Win32
		{2731BE70-4DDC-474F-9551-682D1E1240C8}.Debug|x86.Build.0 = Debug|Win32
		{2731BE70-4DDC-474F-9551-682D1E1240C8}.Release_AVX|x64.ActiveCfg = Release_AVX|x64
		{2731BE70-4DDC-474F-9551-682D1E1240C8}.Release_AVX|x64.Build.0 = Release_AVX|x64
		{2731BE70-4DDC-474F-9551-682D1E1240C8}.Release_AVX|x86.ActiveCfg = Release_AVX|Win32
		{2731BE70-4DDC-474F-9551-682D1E1240C8}.Release_AVX|x86.Build.0 = Release_AVX|Win32
		{2731BE70-4DDC-474F-9551-682D1E1240C8}.Release|x64.ActiveCfg = Release|x64
		{2731BE70-4DDC-474F-9551-682D1E1240C8}.Release|x64.Build.0 = Release|x64
		{2731BE70-4DDC-474F-9551-682D1E1240C8}.Release|x86.ActiveCfg = Release|Win32
		{2731BE70-4DDC-474F-9551-682D1E1240C8}.Release|x86.Build.0 = Release|Win32
		{CF4EB022-4B80-4477-9A2D-4215B95B9E9C}.Debug|x64.ActiveCfg = Debug|x64
		{CF4EB022-4B80-4477-9A2D-4215B95B9E9C}.Debug|x64.Build.0 = Debug|x64
		{CF4EB022-4B80-4477-9A2D-4215B95B9E9C}.Debug|x86.ActiveCfg = Debug|Win32
		{CF4EB022-4B80-4477-9A2D-4215B95B9E9C}.Debug|x86.Build.0 = Debug|Win32
		{CF4EB022-4B80-4477-9A2D-4215B95B9E9C}.Release_AVX|x64.ActiveCfg = Release_AVX|x64
		{CF4EB022-4B80-4477-9A2D-4215B95B9E9C}.Release_AVX|x64.Build.0 = Release_AVX|x64
		{CF4EB022-4B80-4477-9A2D-4215B95B9E9C}.Release_AVX|x86.ActiveCfg = Release_AVX|Win32
		{CF4EB022-4B80-4477-9A2D-4215B95B9E9C}.Release_AVX|x86.Build.0 = Release_AVX|Win32
		{CF4EB022-4B80-4477-9A2D-4215B95B9E9C}.Release|x64.ActiveCfg = Release|x64
		{CF4EB022-4B80-4477-9A2D-4215B95B9E9C}.Release|x64.Build.0 = Release|x64
		{CF4EB022-4B80-4477-9A2D-4215B95B9E9C}.Release|x86.ActiveCfg = Release|Win32
		{CF4EB022-4B80-4477-9A2D-4215B95B9E9C}.Release|x86.Build.0 = Release|Win32
		{7F0B7CF6-6CB0-4159-924C-254343829E0F}.Debug|x64.ActiveCfg = Debug|x64
		{7F0B7CF6-6CB0-4159-924C-254343829E0F}.Debug|x64.Build.0 = Debug|x64
		{7F0B7CF6-6CB0-4159-924C-254343829E0F}.Debug|x86.ActiveCfg = Debug|Win32
		{7F0B7CF6-6CB0-4159-924C-254343829E0F}.Debug|x86.Build.0 = Debug|Win32
		{7F0B7CF6-6CB0-4159-924C-254343829E0F}.Release_AVX|x64.ActiveCfg = Release_AVX|x64
		{7F0B7CF6-6CB0-4159-924C-254343829E0F}.Release_AVX|x64.Build.0 = Release_AVX|x64
		{7F0B7CF6-6CB0-4159-924C-254343829E0F}.Release_AVX|x86.ActiveCfg = Release_AVX|Win32
		{7F0B7CF6-6CB0-4159-924C-254343829E0F}.Release_AVX|x86.Build.0 = Release_AVX|Win32
		{7F0B7CF6-6CB0-4159-924C-254343829E0F}.Release|x64.ActiveCfg = Release|x64
		{7F0B7CF6-6CB0-4159-924C-254343829E0F}.Release|x64.Build.0 = Release|x64
		{7F0B7CF6-6CB0-4159-924C-254343829E0F}.Release|x86.ActiveCfg = Release|Win32
		{7F0B7CF6-6CB0-4159-924C-254343829E0F}.Release|x86.Build.0 = Release|Win32
		{91B4220F-6589-4739-BCA7-3FF9F83FCE04}.Debug|x64.ActiveCfg = Debug|x64
		{91B4220F-6589-4739-BCA7-3FF9F83FCE04}.Debug|x64.Build.0 = Debug|x64
		{91B4220F-6589-4739-BCA7-3FF9F83FCE04}.Debug|x86.ActiveCfg = Debug|Win32
		{91B4220F-6589-4739-BCA7-3FF9F83FCE04}.Debug|x86.Build.0 = Debug|Win32
		{91B4220F-6589-4739-BCA7-3FF9F83FCE04}.Release_AVX|x64.ActiveCfg = Release_AVX|x64
		{91B4220F-6589-4739-BCA7-3FF9F83FCE04}.Release_AVX|x64.Build.0 = Release_AVX|x64
		{91B4220F-6589-4739-BCA7-3FF9F83FCE04}.Release_AVX|x86.ActiveCfg = Release_AVX|Win32
		{91B4220F-6589-4739-BCA7-3FF9F83FCE04}.Release_AVX|x86.Build.0 = Release_AVX|Win32
		{91B4220F-6589-4739-BCA7-3FF9F83FCE04}.Release|x64.ActiveCfg = Release|x64
		{91B4220F-6589-4739-BCA7-3FF9F83FCE04}.Release|x64.Build.0 = Release|x64
		{91B4220F-6589-4739-BCA7-3FF9F83FCE04}.Release|x86.ActiveCfg = Release|Win32
		{91B4220F-6589-4739-BCA7-3FF9F83FCE04}.Release|x86.Build.0 = Release|Win32
		{09772DFC-A638-42AA-91D2-436EB5FC2500}.Debug|x64.ActiveCfg = Debug|x64
		{09772DFC-A638-42AA-91D2-436EB5FC2500}.Debug|x64.Build.0 = Debug|x64
		{09772DFC-A638-42AA-91D2-436EB5FC2500}.Debug|x86.ActiveCfg = Debug|Win32
		{09772DFC-A638-42AA-91D2-436EB5FC2500}.Debug|x86.Build.0 = Debug|Win32
		{09772DFC-A638-42AA-91D2-436EB5FC2500}.Release_AVX|x64.ActiveCfg = Release_AVX|x64
		{09772DFC-A638-42AA-91D2-436EB5FC2500}.Release_AVX|x64.Build.0 = Release_AVX|x64
		{09772DFC-A638-42AA-91D2-436EB5FC2500}.Release_AVX|x86.ActiveCfg = Release_AVX|Win32
		{09772DFC-A638-42AA-91D2-436EB5FC2500}.Release_AVX|x86.Build.0 = Release_AVX|Win32
		{09772DFC-A638-42AA-91D2-436EB5FC2500}.Release|x64.ActiveCfg = Release|x64
		{09772DFC-A638-42AA-91D2-436EB5FC2500}.Release|x64.Build.0 = Release|x64
		{09772DFC-A638-42AA-91D2-436EB5FC2500}.Release|x86.ActiveCfg = Release|Win32
		{09772DFC-A638-42AA-91D2-436EB5FC2500}.Release|x86.Build.0 = Release|Win32
		{928B6A53-806E-45C5-9F35-0909592DEA2C}.Debug|x64.ActiveCfg = Debug|x64
		{928B6A53-806E-45C5-9F35-0909592DEA2C}.Debug|x64.Build.0 = Debug|x64
		{928B6A53-806E-45C5-9F35-0909592DEA2C}.Debug|x86.ActiveCfg = Debug|Win32
		{928B6A53-806E-45C5-9F35-0909592DEA2C}.Debug|x86.Build.0 = Debug|Win32
		{928B6A53-806E-45C5-9F35-0909592DEA2C}.Release_AVX|x64.ActiveCfg = Release_AVX|x64
		{928B6A53-806E-45C5-9F35-0909592DEA2C}.Release_AVX|x64.Build.0 = Release_AVX|x64
		{928B6A53-806E-45C5-9F35-0909592DEA2C}.Release_AVX|x86.ActiveCfg = Release_AVX|Win32
		{928B6A53-806E-45C5-9F35-0909592DEA2C}.Release_AVX|x86.Build.0 = Release_AVX|Win32
		{928B6A53-806E-45C5-9F35-0909592DEA2C}.Release|x64.ActiveCfg = Release|x64
		{928B6A53-806E-45C5-9F35-0909592DEA2C}.Release|x64.Build.0 = Release|x64
		{928B6A53-806E-45C5-9F35-0909592DEA2C}.Release|x86.ActiveCfg = Release|Win32
		{928B6A53-806E-45C5-9F35-0909592DEA2C}.Release|x86.Build.0 = Release|Win32
		{EC5B92DD-8093-4DE4-8989-95C9A07AC2B0}.Debug|x64.ActiveCfg = Debug|x64
		{EC5B92DD-8093-4DE4-8989-95C9A07AC2B0}.Debug|x64.Build.0 = Debug|x64
		{EC5B92DD-8093-4DE4-8989-95C9A07AC2B0}.Debug|x86.ActiveCfg = Debug|Win32
		{EC5B92DD-8093-4DE4-8989-95C9A07AC2B0}.Debug|x86.Build.0 = Debug|Win32
		{EC5B92DD-8093-4DE4-8989-95C9A07AC2B0}.Release_AVX|x64.ActiveCfg = Release_AVX|x64
		{EC5B92DD-8093-4DE4-8989-95C9A07AC2B0}.Release_AVX|x64.Build.0 = Release_AVX|x64
		{EC5B92DD-8093-4DE4-8989-95C9A07AC2B0}.Release_AVX|x86.ActiveCfg = Release_AVX|Win32
		{EC5B92DD-8093-4DE4-8989-95C9A07AC2B0}.Release_AVX|x86.Build.0 = Release_AVX|Win32
		{EC5B92DD-8093-4DE4-8989-95C9A07AC2B0}.Release|x64.ActiveCfg = Release|x64
		{EC5B92DD-8093-4DE4-8989-95C9A07AC2B0}.Release|x64.Build.0 = Release|x64
		{EC5B92DD-8093-4DE4-8989-95C9A07AC2B0}.Release|x86.ActiveCfg = Release|Win32
		{EC5B92DD-8093-4DE4-8989-95C9A07AC2B0}.Release|x86.Build.0 = Release|Win32
		{FBB8FAA6-D226-46AD-8100-C56EF77DD8C7}.Debug|x64.ActiveCfg = Debug|x64
		{FBB8FAA6-D226-46AD-8100-C56EF77DD8C7}.Debug|x64.Build.0 = Debug|x64
		{FBB8FAA6-D226-46AD-8100-C56EF77DD8C7}.Debug|x86.ActiveCfg = Debug|Win32
		{FBB8FAA6-D226-46AD-8100-C56EF77DD8C7}.Debug|x86.Build.0 = Debug|Win32
		{FBB8FAA6-D226-46AD-8100-C56EF77DD8C7}.Release_AVX|x64.ActiveCfg = Release_AVX|x64
		{FBB8FAA6-D226-46AD-8100-C56EF77DD8C7}.Release_AVX|x64.Build.0 = Release_AVX|x64
		{FBB8FAA6-D226-46AD-8100-C56EF77DD8C7}.Release_AVX|x86.ActiveCfg = Release_AVX|Win32
		{FBB8FAA6-D226-46AD-8100-C56EF77DD8C7}.Release_AVX|x86.Build.0 = Release_AVX|Win32
		{FBB8FAA6-D226-46AD-8100-C56EF77DD8C7}.Release|x64.ActiveCfg = Release|x64
		{FBB8FAA6-D226-46AD-8100-C56EF77DD8C7}.Release|x64.Build.0 = Release|x64
		{FBB8FAA6-D226-46AD-8100-C56EF77DD8C7}.Release|x86.ActiveCfg = Release|Win32
		{FBB8FAA6-D226-46AD-8100-C56EF77DD8C7}.Release|x86.Build.0 = Release|Win32
		{A8FA919B-1391-4E7E-8196-38950F46D396}.Debug|x64.ActiveCfg = Debug|x64
		{A8FA919B-1391-4E7E-8196-38950F46D396}.Debug|x64.Build.0 = Debug|x64
		{A8FA919B-1391-4E7E-8196-38950F46D396}.Debug|x86.ActiveCfg = Debug|Win32
		{A8FA919B-1391-4E7E-8196-38950F46D396}.Debug|x86.Build.0 = Debug|Win32
		{A8FA919B-1391-4E7E-8196-38950F46D396}.Release_AVX|x64.ActiveCfg = Release_AVX|x64
		{A8FA919B-1391-4E7E-8196-38950F46D396}.Release_AVX|x64.Build.0 = Release_AVX|x64
		{A8FA919B-1391-4E7E-8196-38950F46D396}.Release_AVX|x86.ActiveCfg = Release_AVX|Win32
		{A8FA919B-1391-4E7E-8196-38950F46D396}.Release_AVX|x86.Build.0 = Release_AVX|Win32
		{A8FA919B-1391-4E7E-8196-38950F46D396}.Release|x64.ActiveCfg = Release|x64
		{A8FA919B-1391-4E7E-8196-38950F46D396}.Release|x64.Build.0 = Release|x64
		{A8FA919B-1391-4E7E-8196-38950F46D396}.Release|x86.ActiveCfg = Release|Win32
		{A8FA919B-1391-4E7E-8196-38950F46D396}.Release|x86.Build.0 = Release|Win32
		{D4F4DA3B-932A-4D9A-A1B6-82B082FC0DC7}.Debug|x64.ActiveCfg = Debug|x64
		{D4F4DA3B-932A-4D9A-A1B6-82B082FC0DC7}.Debug|x64.Build.0 = Debug|x64
		{D4F4DA3B-932A-4D9A-A1B6-82B082FC0DC7}.Debug|x86.ActiveCfg = Debug|Win32
		{D4F4DA3B-932A-4D9A-A1B6-82B082FC0DC7}.Debug|x86.Build.0 = Debug|Win32
		{D4F4DA3B-932A-4D9A-A1B6-82B082FC0DC7}.Release_AVX|x64.ActiveCfg = Release_AVX|x64
		{D4F4DA3B-932A-4D9A-A1B6-82B082FC0DC7}.Release_AVX|x64.Build.0 = Release_AVX|x64
		{D4F4DA3B-932A-4D9A-A1B6-82B082FC0DC7}.Release_AVX|x86.ActiveCfg = Release_AVX|Win32
		{D4F4DA3B-932A-4D9A-A1B6-82B082FC0DC7}.Release_AVX|x86.Build.0 = Release_AVX|Win32
		{D4F4DA3B-932A-4D9A-A1B6-82B082FC0DC7}.Release|x64.ActiveCfg = Release|x64
		{D4F4DA3B-932A-4D9A-A1B6-82B082FC0DC7}.Release|x64.Build.0 = Release|x64
		{D4F4DA3B-932A-4D9A-A1B6-82B082FC0DC7}.Release|x86.ActiveCfg = Release|Win32
		{D4F4DA3B-932A-4D9A-A1B6-82B082FC0DC7}.Release|x86.Build.0 = Release|Win32
		{D7D8046B-B227-41DA-85E6-F11D02237A28}.Debug|x64.ActiveCfg = Debug|x64
		{D7D8046B-B227-41DA-85E6-F11D02237A28}.Debug|x64.Build.0 = Debug|x64
		{D7D8046B-B227-41DA-85E6-F11D02237A28}.Debug|x86.ActiveCfg = Debug|Win32
		{D7D8046B-B227-41DA-85E6-F11D02237A28}.Debug|x86.Build.0 = Debug|Win32
		{D7D8046B-B227-41DA-85E6-F11D02237A28}.Release_AVX|x64.ActiveCfg = Release_AVX|x64
		{D7D8046B-B227-41DA-85E6-F11D02237A28}.Release_AVX|x64.Build.0 = Release_AVX|x64
		{D7D8046B-B227-41DA-85E6-F11D02237A28}.Release_AVX|x86.ActiveCfg = Release_AVX|Win32
		{D7D8046B-B227-41DA-85E6-F11D02237A28}.Release_AVX|x86.Build.0 = Release_AVX|Win32
		{D7D8046B-B227-41DA-85E6-F11D02237A28}.Release|x64.ActiveCfg = Release|x64
		{D7D8046B-B227-41DA-85E6-F11D02237A28}.Release|x64.Build.0 = Release|x64
		{D7D8046B-B227-41DA-85E6-F11D02237A28}.Release|x86.ActiveCfg = Release|Win32
		{D7D8046B-B227-41DA-85E6-F11D02237A28}.Release|x86.Build.0 = Release|Win32
		{84B7F148-7FDD-4D3D-BC0D-5901F9DB7E4C}.Debug|x64.ActiveCfg = Debug|x64
		{84B7F148-7FDD-4D3D-BC0D-5901F9DB7E4C}.Debug|x64.Build.0 = Debug|x64
		{84B7F148-7FDD-4D3D-BC0D-5901F9DB7E4C}.Debug|x86.ActiveCfg = Debug|Win32
		{84B7F148-7FDD-4D3D-BC0D-5901F9DB7E4C}.Debug|x86.Build.0 = Debug|Win32
		{84B7F148-7FDD-4D3D-BC0D-5901F9DB7E4C}.Release_AVX|x64.ActiveCfg = Release_AVX|x64
		{84B7F148-7FDD-4D3D-BC0D-5901F9DB7E4C}.Release_AVX|x64.Build.0 = Release_AVX|x64
		{84B7F148-7FDD-4D3D-BC0D-5901F9DB7E4C}.Release_AVX|x86.ActiveCfg = Release_AVX|Win32
		{84B7F148-7FDD-4D3D-BC0D-5901F9DB7E4C}.Release_AVX|x86.Build.0 = Release_AVX|Win32
		{84B7F148-7FDD-4D3D-BC0D-5901F9DB7E4C}.Release|x64.ActiveCfg = Release|x64
		{84B7F148-7FDD-4D3D-BC0D-5901F9DB7E4C}.Release|x64.Build.0 = Release|x64
		{84B7F148-7FDD-4D3D-BC0D-5901F9DB7E4C}.Release|x86.ActiveCfg = Release|Win32
		{84B7F148-7FDD-4D3D-BC0D-5901F9DB7E4C}.Release|x86.Build.0 = Release|Win32
	EndGlobalSection
	GlobalSection(SolutionProperties) = preSolution
		HideSolutionNode = FALSE
	EndGlobalSection
	GlobalSection(NestedProjects) = preSolution
		{DEC29FCD-986F-4AAB-A697-AE091EFEF71A} = {0CB7B995-8934-4494-8EB9-968D5407C6E5}
		{D5507931-8D74-47CC-A67E-2F5BCE89FCDD} = {BDC57BBD-0292-43B3-B6D1-6A1D0631836E}
		{5246F288-DFE9-41B0-9FE2-FEE1CE4D1198} = {BDC57BBD-0292-43B3-B6D1-6A1D0631836E}
		{9F3EF9E6-6EA0-4AA3-98E4-C6A4061C9307} = {BDC57BBD-0292-43B3-B6D1-6A1D0631836E}
		{66F96FF8-FEC5-455A-BEAC-3975DB89A772} = {BDC57BBD-0292-43B3-B6D1-6A1D0631836E}
		{F1BBDAA9-8D85-49E0-9906-DB287103D90E} = {BDC57BBD-0292-43B3-B6D1-6A1D0631836E}
		{0ED50CF3-6DEB-4F7A-935F-EF1234147D25} = {BDC57BBD-0292-43B3-B6D1-6A1D0631836E}
		{07FDB39B-D23E-45D6-852F-125DBADB7C2D} = {BDC57BBD-0292-43B3-B6D1-6A1D0631836E}
		{2731BE70-4DDC-474F-9551-682D1E1240C8} = {BDC57BBD-0292-43B3-B6D1-6A1D0631836E}
		{CF4EB022-4B80-4477-9A2D-4215B95B9E9C} = {BDC57BBD-0292-43B3-B6D1-6A1D0631836E}
		{7F0B7CF6-6CB0-4159-924C-254343829E0F} = {BDC57BBD-0292-43B3-B6D1-6A1D0631836E}
		{91B4220F-6589-4739-BCA7-3FF9F83FCE04} = {BDC57BBD-0292-43B3-B6D1-6A1D0631836E}
		{09772DFC-A638-42AA-91D2-436EB5FC2500} = {BDC57BBD-0292-43B3-B6D1-6A1D0631836E}
		{928B6A53-806E-45C5-9F35-0909592DEA2C} = {BDC57BBD-0292-43B3-B6D1-6A1D0631836E}
		{EC5B92DD-8093-4DE4-8989-95C9A07AC2B0} = {BDC57BBD-0292-43B3-B6D1-6A1D0631836E}
		{FBB8FAA6-D226-46AD-8100-C56EF77DD8C7} = {BDC57BBD-0292-43B3-B6D1-6A1D0631836E}
		{A8FA919B-1391-4E7E-8196-38950F46D396} = {BDC57BBD-0292-43B3-B6D1-6A1D0631836E}
		{D4F4DA3B-932A-4D9A-A1B6-82B082FC0DC7} = {BDC57BBD-0292-43B3-B6D1-6A1D0631836E}
		{D7D8046B-B227-41DA-85E6-F11D02237A28} = {BDC57BBD-0292-43B3-B6D1-6A1D0631836E}
		{84B7F148-7FDD-4D3D-BC0D-5901F9DB7E4C} = {BDC57BBD-0292-43B3-B6D1-6A1D0631836E}
	EndGlobalSection
EndGlobal








